
Microsoft Visual Studio Solution File, Format Version 12.00
# Visual Studio Version 17
VisualStudioVersion = 17.11.35222.181
MinimumVisualStudioVersion = 10.0.40219.1
Project("{FAE04EC0-301F-11D3-BF4B-00C04F79EFBC}") = "Bil handel", "Bil handel\Bil handel.csproj", "{81DA4227-735A-4BFF-94E8-89C5E45D17B1}"
EndProject
Project("{FAE04EC0-301F-11D3-BF4B-00C04F79EFBC}") = "bil handel programering", "bil handel programering\bil handel programering.csproj", "{BD0B3E0E-4A60-4F33-A800-464AF18AB7B1}"
EndProject
Global
	GlobalSection(SolutionConfigurationPlatforms) = preSolution
		Debug|Any CPU = Debug|Any CPU
		Release|Any CPU = Release|Any CPU
	EndGlobalSection
	GlobalSection(ProjectConfigurationPlatforms) = postSolution
		{81DA4227-735A-4BFF-94E8-89C5E45D17B1}.Debug|Any CPU.ActiveCfg = Debug|Any CPU
		{81DA4227-735A-4BFF-94E8-89C5E45D17B1}.Debug|Any CPU.Build.0 = Debug|Any CPU
		{81DA4227-735A-4BFF-94E8-89C5E45D17B1}.Release|Any CPU.ActiveCfg = Release|Any CPU
		{81DA4227-735A-4BFF-94E8-89C5E45D17B1}.Release|Any CPU.Build.0 = Release|Any CPU
		{BD0B3E0E-4A60-4F33-A800-464AF18AB7B1}.Debug|Any CPU.ActiveCfg = Debug|Any CPU
		{BD0B3E0E-4A60-4F33-A800-464AF18AB7B1}.Debug|Any CPU.Build.0 = Debug|Any CPU
		{BD0B3E0E-4A60-4F33-A800-464AF18AB7B1}.Release|Any CPU.ActiveCfg = Release|Any CPU
		{BD0B3E0E-4A60-4F33-A800-464AF18AB7B1}.Release|Any CPU.Build.0 = Release|Any CPU
	EndGlobalSection
	GlobalSection(SolutionProperties) = preSolution
		HideSolutionNode = FALSE
	EndGlobalSection
	GlobalSection(ExtensibilityGlobals) = postSolution
		SolutionGuid = {A4568B1D-FAC7-4F8A-BB45-9BA710810FC7}
	EndGlobalSection
EndGlobal
